// !$*UTF8*$!
{
	archiveVersion = 1;
	classes = {
	};
	objectVersion = 54;
	objects = {

/* Begin PBXBuildFile section */
		00E356F31AD99517003FC87E /* KlimbTests.m in Sources */ = {isa = PBXBuildFile; fileRef = 00E356F21AD99517003FC87E /* KlimbTests.m */; };
		015919A94C174A0CB84B4577 /* Montserrat-Bold.ttf in Resources */ = {isa = PBXBuildFile; fileRef = 7F7AF26A477548EB98229B2F /* Montserrat-Bold.ttf */; };
		13B07FBC1A68108700A75B9A /* AppDelegate.mm in Sources */ = {isa = PBXBuildFile; fileRef = 13B07FB01A68108700A75B9A /* AppDelegate.mm */; };
		13B07FBF1A68108700A75B9A /* Images.xcassets in Resources */ = {isa = PBXBuildFile; fileRef = 13B07FB51A68108700A75B9A /* Images.xcassets */; };
		13B07FC11A68108700A75B9A /* main.m in Sources */ = {isa = PBXBuildFile; fileRef = 13B07FB71A68108700A75B9A /* main.m */; };
		18A80243A9BC4666AD0293FC /* Montserrat-ExtraLightItalic.ttf in Resources */ = {isa = PBXBuildFile; fileRef = D8FC936D29874307987A50A4 /* Montserrat-ExtraLightItalic.ttf */; };
		1A180CD6AFFC4458BB872EAA /* Montserrat-Light.ttf in Resources */ = {isa = PBXBuildFile; fileRef = 880552C8CE7F44338E57B2A9 /* Montserrat-Light.ttf */; };
		2E3D323617D74E03A1218CE9 /* GoodTimesRg-Bold.otf in Resources */ = {isa = PBXBuildFile; fileRef = 2985AED54180425E8E436882 /* GoodTimesRg-Bold.otf */; };
		356A2BA262F64920B23CBD0D /* Montserrat-SemiBold.ttf in Resources */ = {isa = PBXBuildFile; fileRef = 390106F86A2E40D78D2ACBE2 /* Montserrat-SemiBold.ttf */; };
		3CA8D0A493164BF3AAFAE4C9 /* Montserrat-MediumItalic.ttf in Resources */ = {isa = PBXBuildFile; fileRef = 44D4966DBD534460880F08C0 /* Montserrat-MediumItalic.ttf */; };
		449977BEBA4543879162DEC9 /* Montserrat-SemiBoldItalic.ttf in Resources */ = {isa = PBXBuildFile; fileRef = 1B41EBDEEAB14018B68800B7 /* Montserrat-SemiBoldItalic.ttf */; };
		5726DD3C58DA4F29B5805D79 /* DMSans-Bold.ttf in Resources */ = {isa = PBXBuildFile; fileRef = 7AF31D8E9801466783ACE460 /* DMSans-Bold.ttf */; };
		5EC407FCAD27A7B56AC1641A /* libPods-Klimb-KlimbTests.a in Frameworks */ = {isa = PBXBuildFile; fileRef = 56CD72BB57EFC46C714C0CDC /* libPods-Klimb-KlimbTests.a */; };
		68AA30D04D604C89AB7AD117 /* Montserrat-BlackItalic.ttf in Resources */ = {isa = PBXBuildFile; fileRef = C8AB9AF4333D4E43B3505430 /* Montserrat-BlackItalic.ttf */; };
		7EFA84EAA0D0425A9F38D4E9 /* Montserrat-ExtraLight.ttf in Resources */ = {isa = PBXBuildFile; fileRef = E2B3481AC42C449295610F13 /* Montserrat-ExtraLight.ttf */; };
		81AB9BB82411601600AC10FF /* LaunchScreen.storyboard in Resources */ = {isa = PBXBuildFile; fileRef = 81AB9BB72411601600AC10FF /* LaunchScreen.storyboard */; };
		87ACB69A0B924043B333E707 /* Montserrat-Italic.ttf in Resources */ = {isa = PBXBuildFile; fileRef = FFE221EE98A249A0AB583821 /* Montserrat-Italic.ttf */; };
		90C72684383048D09010229C /* Montserrat-ExtraBoldItalic.ttf in Resources */ = {isa = PBXBuildFile; fileRef = 816A0324928044E4AD287E00 /* Montserrat-ExtraBoldItalic.ttf */; };
		997564705013AF9EF1AFCF24 /* libPods-Klimb.a in Frameworks */ = {isa = PBXBuildFile; fileRef = CC1DDB19A7FDC1249CD03284 /* libPods-Klimb.a */; };
		A03AC03F2947DC1D00AC5C47 /* GoogleService-Info.plist in Resources */ = {isa = PBXBuildFile; fileRef = A03AC03E2947DC1D00AC5C47 /* GoogleService-Info.plist */; };
		A0AF6F9D294B658800C7540B /* good_times_bk.otf in Resources */ = {isa = PBXBuildFile; fileRef = A0AF6F92294B61D500C7540B /* good_times_bk.otf */; };
		A0AF6F9E294B658B00C7540B /* good_times_bd_it.otf in Resources */ = {isa = PBXBuildFile; fileRef = A0AF6F91294B61BF00C7540B /* good_times_bd_it.otf */; };
		A0AF6F9F294B658D00C7540B /* good_times_el_it.otf in Resources */ = {isa = PBXBuildFile; fileRef = A0AF6F94294B61E500C7540B /* good_times_el_it.otf */; };
		A0AF6FA0294B658F00C7540B /* good_times_el.otf in Resources */ = {isa = PBXBuildFile; fileRef = A0AF6F93294B61E500C7540B /* good_times_el.otf */; };
		A0AF6FA1294B659200C7540B /* good_times_bd.otf in Resources */ = {isa = PBXBuildFile; fileRef = A0AF6F8F294B61BF00C7540B /* good_times_bd.otf */; };
		A0AF6FA2294B659500C7540B /* good_times_bk_it.otf in Resources */ = {isa = PBXBuildFile; fileRef = A0AF6F90294B61BF00C7540B /* good_times_bk_it.otf */; };
		A0AF6FA3294B659800C7540B /* good_times_bad_times.otf in Resources */ = {isa = PBXBuildFile; fileRef = A0AF6F8E294B61A100C7540B /* good_times_bad_times.otf */; };
		A0AF6FA4294B659D00C7540B /* good_times_hv_it.otf in Resources */ = {isa = PBXBuildFile; fileRef = A0AF6F99294B61FC00C7540B /* good_times_hv_it.otf */; };
		A0AF6FA5294B65A000C7540B /* good_times_hv.otf in Resources */ = {isa = PBXBuildFile; fileRef = A0AF6F96294B61FC00C7540B /* good_times_hv.otf */; };
		A0AF6FA6294B65A200C7540B /* good_times_lt_it.otf in Resources */ = {isa = PBXBuildFile; fileRef = A0AF6F97294B61FC00C7540B /* good_times_lt_it.otf */; };
		A0AF6FA7294B65A500C7540B /* good_times_lt.otf in Resources */ = {isa = PBXBuildFile; fileRef = A0AF6F98294B61FC00C7540B /* good_times_lt.otf */; };
		A0AF6FA8294B65A800C7540B /* good_times_rg_it.otf in Resources */ = {isa = PBXBuildFile; fileRef = A0AF6F9B294B61FC00C7540B /* good_times_rg_it.otf */; };
		A0AF6FA9294B65AA00C7540B /* good_times_rg.otf in Resources */ = {isa = PBXBuildFile; fileRef = A0AF6F9C294B61FC00C7540B /* good_times_rg.otf */; };
		A0AF6FAA294B65AD00C7540B /* good_times_ul_it.otf in Resources */ = {isa = PBXBuildFile; fileRef = A0AF6F95294B61FC00C7540B /* good_times_ul_it.otf */; };
		A0AF6FAB294B65B000C7540B /* good_times_ul.otf in Resources */ = {isa = PBXBuildFile; fileRef = A0AF6F9A294B61FC00C7540B /* good_times_ul.otf */; };
		A0C4CF8965B74D679B96A9F8 /* Montserrat-BoldItalic.ttf in Resources */ = {isa = PBXBuildFile; fileRef = 4A94DAB9D5DF478392175437 /* Montserrat-BoldItalic.ttf */; };
		B00581F2860843C5B9DB5933 /* Montserrat-Thin.ttf in Resources */ = {isa = PBXBuildFile; fileRef = 19EF50AA4BE647CC900735F0 /* Montserrat-Thin.ttf */; };
		B673C5E16F024AF0B75F0211 /* Montserrat-ExtraBold.ttf in Resources */ = {isa = PBXBuildFile; fileRef = 32D305B3B9A1412E90B946BB /* Montserrat-ExtraBold.ttf */; };
		C3AE1A7F286E4E3B8A03F14A /* NATS-Regular.ttf in Resources */ = {isa = PBXBuildFile; fileRef = 776A3B63F9FA433EB803148E /* NATS-Regular.ttf */; };
		CF5396B2BEB54B0B84B8349B /* Montserrat-Black.ttf in Resources */ = {isa = PBXBuildFile; fileRef = D5BD709458E148569E950834 /* Montserrat-Black.ttf */; };
		D3D0DBAD79EC4D5793456CDF /* Montserrat-Regular.ttf in Resources */ = {isa = PBXBuildFile; fileRef = D4CA3371B6F840659B6BA517 /* Montserrat-Regular.ttf */; };
		D929B4AB51944C208E73897B /* Montserrat-Medium.ttf in Resources */ = {isa = PBXBuildFile; fileRef = B393EA1E685E4ECF84B7CBA6 /* Montserrat-Medium.ttf */; };
		DBF6BE072387410F8D2F90D2 /* Montserrat-LightItalic.ttf in Resources */ = {isa = PBXBuildFile; fileRef = 438E5C4D41874504A70F9167 /* Montserrat-LightItalic.ttf */; };
		EDD10246D95A415883776EB6 /* Montserrat-ThinItalic.ttf in Resources */ = {isa = PBXBuildFile; fileRef = 3689D2A3A5794CDE849F939D /* Montserrat-ThinItalic.ttf */; };
/* End PBXBuildFile section */

/* Begin PBXContainerItemProxy section */
		00E356F41AD99517003FC87E /* PBXContainerItemProxy */ = {
			isa = PBXContainerItemProxy;
			containerPortal = 83CBB9F71A601CBA00E9B192 /* Project object */;
			proxyType = 1;
			remoteGlobalIDString = 13B07F861A680F5B00A75B9A;
			remoteInfo = Klimb;
		};
/* End PBXContainerItemProxy section */

/* Begin PBXFileReference section */
		00E356EE1AD99517003FC87E /* KlimbTests.xctest */ = {isa = PBXFileReference; explicitFileType = wrapper.cfbundle; includeInIndex = 0; path = KlimbTests.xctest; sourceTree = BUILT_PRODUCTS_DIR; };
		00E356F11AD99517003FC87E /* Info.plist */ = {isa = PBXFileReference; lastKnownFileType = text.plist.xml; path = Info.plist; sourceTree = "<group>"; };
		00E356F21AD99517003FC87E /* KlimbTests.m */ = {isa = PBXFileReference; lastKnownFileType = sourcecode.c.objc; path = KlimbTests.m; sourceTree = "<group>"; };
		13B07F961A680F5B00A75B9A /* Klimb.app */ = {isa = PBXFileReference; explicitFileType = wrapper.application; includeInIndex = 0; path = Klimb.app; sourceTree = BUILT_PRODUCTS_DIR; };
		13B07FAF1A68108700A75B9A /* AppDelegate.h */ = {isa = PBXFileReference; fileEncoding = 4; lastKnownFileType = sourcecode.c.h; name = AppDelegate.h; path = Klimb/AppDelegate.h; sourceTree = "<group>"; };
		13B07FB01A68108700A75B9A /* AppDelegate.mm */ = {isa = PBXFileReference; fileEncoding = 4; lastKnownFileType = sourcecode.cpp.objcpp; name = AppDelegate.mm; path = Klimb/AppDelegate.mm; sourceTree = "<group>"; };
		13B07FB51A68108700A75B9A /* Images.xcassets */ = {isa = PBXFileReference; lastKnownFileType = folder.assetcatalog; name = Images.xcassets; path = Klimb/Images.xcassets; sourceTree = "<group>"; };
		13B07FB61A68108700A75B9A /* Info.plist */ = {isa = PBXFileReference; fileEncoding = 4; lastKnownFileType = text.plist.xml; name = Info.plist; path = Klimb/Info.plist; sourceTree = "<group>"; };
		13B07FB71A68108700A75B9A /* main.m */ = {isa = PBXFileReference; fileEncoding = 4; lastKnownFileType = sourcecode.c.objc; name = main.m; path = Klimb/main.m; sourceTree = "<group>"; };
		19EF50AA4BE647CC900735F0 /* Montserrat-Thin.ttf */ = {isa = PBXFileReference; explicitFileType = undefined; fileEncoding = 9; includeInIndex = 0; lastKnownFileType = unknown; name = "Montserrat-Thin.ttf"; path = "../assets/fonts/Montserrat-Thin.ttf"; sourceTree = "<group>"; };
		1AC96A9D7F2FDD3D5C86A566 /* Pods-Klimb.release.xcconfig */ = {isa = PBXFileReference; includeInIndex = 1; lastKnownFileType = text.xcconfig; name = "Pods-Klimb.release.xcconfig"; path = "Target Support Files/Pods-Klimb/Pods-Klimb.release.xcconfig"; sourceTree = "<group>"; };
		1B41EBDEEAB14018B68800B7 /* Montserrat-SemiBoldItalic.ttf */ = {isa = PBXFileReference; explicitFileType = undefined; fileEncoding = 9; includeInIndex = 0; lastKnownFileType = unknown; name = "Montserrat-SemiBoldItalic.ttf"; path = "../assets/fonts/Montserrat-SemiBoldItalic.ttf"; sourceTree = "<group>"; };
		2985AED54180425E8E436882 /* GoodTimesRg-Bold.otf */ = {isa = PBXFileReference; explicitFileType = undefined; fileEncoding = 9; includeInIndex = 0; lastKnownFileType = unknown; name = "GoodTimesRg-Bold.otf"; path = "../assets/fonts/GoodTimesRg-Bold.otf"; sourceTree = "<group>"; };
		32D305B3B9A1412E90B946BB /* Montserrat-ExtraBold.ttf */ = {isa = PBXFileReference; explicitFileType = undefined; fileEncoding = 9; includeInIndex = 0; lastKnownFileType = unknown; name = "Montserrat-ExtraBold.ttf"; path = "../assets/fonts/Montserrat-ExtraBold.ttf"; sourceTree = "<group>"; };
		3689D2A3A5794CDE849F939D /* Montserrat-ThinItalic.ttf */ = {isa = PBXFileReference; explicitFileType = undefined; fileEncoding = 9; includeInIndex = 0; lastKnownFileType = unknown; name = "Montserrat-ThinItalic.ttf"; path = "../assets/fonts/Montserrat-ThinItalic.ttf"; sourceTree = "<group>"; };
		390106F86A2E40D78D2ACBE2 /* Montserrat-SemiBold.ttf */ = {isa = PBXFileReference; explicitFileType = undefined; fileEncoding = 9; includeInIndex = 0; lastKnownFileType = unknown; name = "Montserrat-SemiBold.ttf"; path = "../assets/fonts/Montserrat-SemiBold.ttf"; sourceTree = "<group>"; };
		438E5C4D41874504A70F9167 /* Montserrat-LightItalic.ttf */ = {isa = PBXFileReference; explicitFileType = undefined; fileEncoding = 9; includeInIndex = 0; lastKnownFileType = unknown; name = "Montserrat-LightItalic.ttf"; path = "../assets/fonts/Montserrat-LightItalic.ttf"; sourceTree = "<group>"; };
		44D4966DBD534460880F08C0 /* Montserrat-MediumItalic.ttf */ = {isa = PBXFileReference; explicitFileType = undefined; fileEncoding = 9; includeInIndex = 0; lastKnownFileType = unknown; name = "Montserrat-MediumItalic.ttf"; path = "../assets/fonts/Montserrat-MediumItalic.ttf"; sourceTree = "<group>"; };
		4A94DAB9D5DF478392175437 /* Montserrat-BoldItalic.ttf */ = {isa = PBXFileReference; explicitFileType = undefined; fileEncoding = 9; includeInIndex = 0; lastKnownFileType = unknown; name = "Montserrat-BoldItalic.ttf"; path = "../assets/fonts/Montserrat-BoldItalic.ttf"; sourceTree = "<group>"; };
		56CD72BB57EFC46C714C0CDC /* libPods-Klimb-KlimbTests.a */ = {isa = PBXFileReference; explicitFileType = archive.ar; includeInIndex = 0; path = "libPods-Klimb-KlimbTests.a"; sourceTree = BUILT_PRODUCTS_DIR; };
		5EC14F752BCAECE640CEDD34 /* Pods-Klimb-KlimbTests.release.xcconfig */ = {isa = PBXFileReference; includeInIndex = 1; lastKnownFileType = text.xcconfig; name = "Pods-Klimb-KlimbTests.release.xcconfig"; path = "Target Support Files/Pods-Klimb-KlimbTests/Pods-Klimb-KlimbTests.release.xcconfig"; sourceTree = "<group>"; };
		776A3B63F9FA433EB803148E /* NATS-Regular.ttf */ = {isa = PBXFileReference; explicitFileType = undefined; fileEncoding = 9; includeInIndex = 0; lastKnownFileType = unknown; name = "NATS-Regular.ttf"; path = "../assets/fonts/NATS-Regular.ttf"; sourceTree = "<group>"; };
		7AF31D8E9801466783ACE460 /* DMSans-Bold.ttf */ = {isa = PBXFileReference; explicitFileType = undefined; fileEncoding = 9; includeInIndex = 0; lastKnownFileType = unknown; name = "DMSans-Bold.ttf"; path = "../assets/fonts/DMSans-Bold.ttf"; sourceTree = "<group>"; };
		7F7AF26A477548EB98229B2F /* Montserrat-Bold.ttf */ = {isa = PBXFileReference; explicitFileType = undefined; fileEncoding = 9; includeInIndex = 0; lastKnownFileType = unknown; name = "Montserrat-Bold.ttf"; path = "../assets/fonts/Montserrat-Bold.ttf"; sourceTree = "<group>"; };
		816A0324928044E4AD287E00 /* Montserrat-ExtraBoldItalic.ttf */ = {isa = PBXFileReference; explicitFileType = undefined; fileEncoding = 9; includeInIndex = 0; lastKnownFileType = unknown; name = "Montserrat-ExtraBoldItalic.ttf"; path = "../assets/fonts/Montserrat-ExtraBoldItalic.ttf"; sourceTree = "<group>"; };
		81AB9BB72411601600AC10FF /* LaunchScreen.storyboard */ = {isa = PBXFileReference; fileEncoding = 4; lastKnownFileType = file.storyboard; name = LaunchScreen.storyboard; path = Klimb/LaunchScreen.storyboard; sourceTree = "<group>"; };
		880552C8CE7F44338E57B2A9 /* Montserrat-Light.ttf */ = {isa = PBXFileReference; explicitFileType = undefined; fileEncoding = 9; includeInIndex = 0; lastKnownFileType = unknown; name = "Montserrat-Light.ttf"; path = "../assets/fonts/Montserrat-Light.ttf"; sourceTree = "<group>"; };
		A03AC03E2947DC1D00AC5C47 /* GoogleService-Info.plist */ = {isa = PBXFileReference; fileEncoding = 4; lastKnownFileType = text.plist.xml; path = "GoogleService-Info.plist"; sourceTree = "<group>"; };
		A0AF6F8E294B61A100C7540B /* good_times_bad_times.otf */ = {isa = PBXFileReference; lastKnownFileType = file; name = good_times_bad_times.otf; path = ../../assets/fonts/good_times_bad_times.otf; sourceTree = "<group>"; };
		A0AF6F8F294B61BF00C7540B /* good_times_bd.otf */ = {isa = PBXFileReference; lastKnownFileType = file; name = good_times_bd.otf; path = ../../assets/fonts/good_times_bd.otf; sourceTree = "<group>"; };
		A0AF6F90294B61BF00C7540B /* good_times_bk_it.otf */ = {isa = PBXFileReference; lastKnownFileType = file; name = good_times_bk_it.otf; path = ../../assets/fonts/good_times_bk_it.otf; sourceTree = "<group>"; };
		A0AF6F91294B61BF00C7540B /* good_times_bd_it.otf */ = {isa = PBXFileReference; lastKnownFileType = file; name = good_times_bd_it.otf; path = ../../assets/fonts/good_times_bd_it.otf; sourceTree = "<group>"; };
		A0AF6F92294B61D500C7540B /* good_times_bk.otf */ = {isa = PBXFileReference; lastKnownFileType = file; name = good_times_bk.otf; path = ../../assets/fonts/good_times_bk.otf; sourceTree = "<group>"; };
		A0AF6F93294B61E500C7540B /* good_times_el.otf */ = {isa = PBXFileReference; lastKnownFileType = file; name = good_times_el.otf; path = ../../assets/fonts/good_times_el.otf; sourceTree = "<group>"; };
		A0AF6F94294B61E500C7540B /* good_times_el_it.otf */ = {isa = PBXFileReference; lastKnownFileType = file; name = good_times_el_it.otf; path = ../../assets/fonts/good_times_el_it.otf; sourceTree = "<group>"; };
		A0AF6F95294B61FC00C7540B /* good_times_ul_it.otf */ = {isa = PBXFileReference; lastKnownFileType = file; name = good_times_ul_it.otf; path = ../../assets/fonts/good_times_ul_it.otf; sourceTree = "<group>"; };
		A0AF6F96294B61FC00C7540B /* good_times_hv.otf */ = {isa = PBXFileReference; lastKnownFileType = file; name = good_times_hv.otf; path = ../../assets/fonts/good_times_hv.otf; sourceTree = "<group>"; };
		A0AF6F97294B61FC00C7540B /* good_times_lt_it.otf */ = {isa = PBXFileReference; lastKnownFileType = file; name = good_times_lt_it.otf; path = ../../assets/fonts/good_times_lt_it.otf; sourceTree = "<group>"; };
		A0AF6F98294B61FC00C7540B /* good_times_lt.otf */ = {isa = PBXFileReference; lastKnownFileType = file; name = good_times_lt.otf; path = ../../assets/fonts/good_times_lt.otf; sourceTree = "<group>"; };
		A0AF6F99294B61FC00C7540B /* good_times_hv_it.otf */ = {isa = PBXFileReference; lastKnownFileType = file; name = good_times_hv_it.otf; path = ../../assets/fonts/good_times_hv_it.otf; sourceTree = "<group>"; };
		A0AF6F9A294B61FC00C7540B /* good_times_ul.otf */ = {isa = PBXFileReference; lastKnownFileType = file; name = good_times_ul.otf; path = ../../assets/fonts/good_times_ul.otf; sourceTree = "<group>"; };
		A0AF6F9B294B61FC00C7540B /* good_times_rg_it.otf */ = {isa = PBXFileReference; lastKnownFileType = file; name = good_times_rg_it.otf; path = ../../assets/fonts/good_times_rg_it.otf; sourceTree = "<group>"; };
		A0AF6F9C294B61FC00C7540B /* good_times_rg.otf */ = {isa = PBXFileReference; lastKnownFileType = file; name = good_times_rg.otf; path = ../../assets/fonts/good_times_rg.otf; sourceTree = "<group>"; };
		B393EA1E685E4ECF84B7CBA6 /* Montserrat-Medium.ttf */ = {isa = PBXFileReference; explicitFileType = undefined; fileEncoding = 9; includeInIndex = 0; lastKnownFileType = unknown; name = "Montserrat-Medium.ttf"; path = "../assets/fonts/Montserrat-Medium.ttf"; sourceTree = "<group>"; };
		BBEE2A5037176A7760D46599 /* Pods-Klimb.debug.xcconfig */ = {isa = PBXFileReference; includeInIndex = 1; lastKnownFileType = text.xcconfig; name = "Pods-Klimb.debug.xcconfig"; path = "Target Support Files/Pods-Klimb/Pods-Klimb.debug.xcconfig"; sourceTree = "<group>"; };
		C8AB9AF4333D4E43B3505430 /* Montserrat-BlackItalic.ttf */ = {isa = PBXFileReference; explicitFileType = undefined; fileEncoding = 9; includeInIndex = 0; lastKnownFileType = unknown; name = "Montserrat-BlackItalic.ttf"; path = "../assets/fonts/Montserrat-BlackItalic.ttf"; sourceTree = "<group>"; };
		CC1DDB19A7FDC1249CD03284 /* libPods-Klimb.a */ = {isa = PBXFileReference; explicitFileType = archive.ar; includeInIndex = 0; path = "libPods-Klimb.a"; sourceTree = BUILT_PRODUCTS_DIR; };
		D4CA3371B6F840659B6BA517 /* Montserrat-Regular.ttf */ = {isa = PBXFileReference; explicitFileType = undefined; fileEncoding = 9; includeInIndex = 0; lastKnownFileType = unknown; name = "Montserrat-Regular.ttf"; path = "../assets/fonts/Montserrat-Regular.ttf"; sourceTree = "<group>"; };
		D5BD709458E148569E950834 /* Montserrat-Black.ttf */ = {isa = PBXFileReference; explicitFileType = undefined; fileEncoding = 9; includeInIndex = 0; lastKnownFileType = unknown; name = "Montserrat-Black.ttf"; path = "../assets/fonts/Montserrat-Black.ttf"; sourceTree = "<group>"; };
		D8FC936D29874307987A50A4 /* Montserrat-ExtraLightItalic.ttf */ = {isa = PBXFileReference; explicitFileType = undefined; fileEncoding = 9; includeInIndex = 0; lastKnownFileType = unknown; name = "Montserrat-ExtraLightItalic.ttf"; path = "../assets/fonts/Montserrat-ExtraLightItalic.ttf"; sourceTree = "<group>"; };
		E2B3481AC42C449295610F13 /* Montserrat-ExtraLight.ttf */ = {isa = PBXFileReference; explicitFileType = undefined; fileEncoding = 9; includeInIndex = 0; lastKnownFileType = unknown; name = "Montserrat-ExtraLight.ttf"; path = "../assets/fonts/Montserrat-ExtraLight.ttf"; sourceTree = "<group>"; };
		ED297162215061F000B7C4FE /* JavaScriptCore.framework */ = {isa = PBXFileReference; lastKnownFileType = wrapper.framework; name = JavaScriptCore.framework; path = System/Library/Frameworks/JavaScriptCore.framework; sourceTree = SDKROOT; };
		F6FB5D19747ECC6BE73D4635 /* Pods-Klimb-KlimbTests.debug.xcconfig */ = {isa = PBXFileReference; includeInIndex = 1; lastKnownFileType = text.xcconfig; name = "Pods-Klimb-KlimbTests.debug.xcconfig"; path = "Target Support Files/Pods-Klimb-KlimbTests/Pods-Klimb-KlimbTests.debug.xcconfig"; sourceTree = "<group>"; };
		FFE221EE98A249A0AB583821 /* Montserrat-Italic.ttf */ = {isa = PBXFileReference; explicitFileType = undefined; fileEncoding = 9; includeInIndex = 0; lastKnownFileType = unknown; name = "Montserrat-Italic.ttf"; path = "../assets/fonts/Montserrat-Italic.ttf"; sourceTree = "<group>"; };
/* End PBXFileReference section */

/* Begin PBXFrameworksBuildPhase section */
		00E356EB1AD99517003FC87E /* Frameworks */ = {
			isa = PBXFrameworksBuildPhase;
			buildActionMask = 2147483647;
			files = (
				5EC407FCAD27A7B56AC1641A /* libPods-Klimb-KlimbTests.a in Frameworks */,
			);
			runOnlyForDeploymentPostprocessing = 0;
		};
		13B07F8C1A680F5B00A75B9A /* Frameworks */ = {
			isa = PBXFrameworksBuildPhase;
			buildActionMask = 2147483647;
			files = (
				997564705013AF9EF1AFCF24 /* libPods-Klimb.a in Frameworks */,
			);
			runOnlyForDeploymentPostprocessing = 0;
		};
/* End PBXFrameworksBuildPhase section */

/* Begin PBXGroup section */
		00E356EF1AD99517003FC87E /* KlimbTests */ = {
			isa = PBXGroup;
			children = (
				00E356F21AD99517003FC87E /* KlimbTests.m */,
				00E356F01AD99517003FC87E /* Supporting Files */,
			);
			path = KlimbTests;
			sourceTree = "<group>";
		};
		00E356F01AD99517003FC87E /* Supporting Files */ = {
			isa = PBXGroup;
			children = (
				00E356F11AD99517003FC87E /* Info.plist */,
			);
			name = "Supporting Files";
			sourceTree = "<group>";
		};
		13B07FAE1A68108700A75B9A /* Klimb */ = {
			isa = PBXGroup;
			children = (
				13B07FAF1A68108700A75B9A /* AppDelegate.h */,
				13B07FB01A68108700A75B9A /* AppDelegate.mm */,
				13B07FB51A68108700A75B9A /* Images.xcassets */,
				13B07FB61A68108700A75B9A /* Info.plist */,
				81AB9BB72411601600AC10FF /* LaunchScreen.storyboard */,
				13B07FB71A68108700A75B9A /* main.m */,
			);
			name = Klimb;
			sourceTree = "<group>";
		};
		2D16E6871FA4F8E400B85C8A /* Frameworks */ = {
			isa = PBXGroup;
			children = (
				ED297162215061F000B7C4FE /* JavaScriptCore.framework */,
				CC1DDB19A7FDC1249CD03284 /* libPods-Klimb.a */,
				56CD72BB57EFC46C714C0CDC /* libPods-Klimb-KlimbTests.a */,
			);
			name = Frameworks;
			sourceTree = "<group>";
		};
		5C9E656AB02F4858B6DAC6E2 /* Resources */ = {
			isa = PBXGroup;
			children = (
				D5BD709458E148569E950834 /* Montserrat-Black.ttf */,
				C8AB9AF4333D4E43B3505430 /* Montserrat-BlackItalic.ttf */,
				7F7AF26A477548EB98229B2F /* Montserrat-Bold.ttf */,
				4A94DAB9D5DF478392175437 /* Montserrat-BoldItalic.ttf */,
				32D305B3B9A1412E90B946BB /* Montserrat-ExtraBold.ttf */,
				816A0324928044E4AD287E00 /* Montserrat-ExtraBoldItalic.ttf */,
				E2B3481AC42C449295610F13 /* Montserrat-ExtraLight.ttf */,
				D8FC936D29874307987A50A4 /* Montserrat-ExtraLightItalic.ttf */,
				FFE221EE98A249A0AB583821 /* Montserrat-Italic.ttf */,
				880552C8CE7F44338E57B2A9 /* Montserrat-Light.ttf */,
				438E5C4D41874504A70F9167 /* Montserrat-LightItalic.ttf */,
				B393EA1E685E4ECF84B7CBA6 /* Montserrat-Medium.ttf */,
				44D4966DBD534460880F08C0 /* Montserrat-MediumItalic.ttf */,
				D4CA3371B6F840659B6BA517 /* Montserrat-Regular.ttf */,
				390106F86A2E40D78D2ACBE2 /* Montserrat-SemiBold.ttf */,
				1B41EBDEEAB14018B68800B7 /* Montserrat-SemiBoldItalic.ttf */,
				19EF50AA4BE647CC900735F0 /* Montserrat-Thin.ttf */,
				3689D2A3A5794CDE849F939D /* Montserrat-ThinItalic.ttf */,
				2985AED54180425E8E436882 /* GoodTimesRg-Bold.otf */,
				7AF31D8E9801466783ACE460 /* DMSans-Bold.ttf */,
				776A3B63F9FA433EB803148E /* NATS-Regular.ttf */,
			);
			name = Resources;
			sourceTree = "<group>";
		};
		832341AE1AAA6A7D00B99B32 /* Libraries */ = {
			isa = PBXGroup;
			children = (
			);
			name = Libraries;
			sourceTree = "<group>";
		};
		83CBB9F61A601CBA00E9B192 = {
			isa = PBXGroup;
			children = (
				A03AC03E2947DC1D00AC5C47 /* GoogleService-Info.plist */,
				13B07FAE1A68108700A75B9A /* Klimb */,
				832341AE1AAA6A7D00B99B32 /* Libraries */,
				00E356EF1AD99517003FC87E /* KlimbTests */,
				83CBBA001A601CBA00E9B192 /* Products */,
				2D16E6871FA4F8E400B85C8A /* Frameworks */,
				BBD78D7AC51CEA395F1C20DB /* Pods */,
				5C9E656AB02F4858B6DAC6E2 /* Resources */,
			);
			indentWidth = 2;
			sourceTree = "<group>";
			tabWidth = 2;
			usesTabs = 0;
		};
		83CBBA001A601CBA00E9B192 /* Products */ = {
			isa = PBXGroup;
			children = (
				13B07F961A680F5B00A75B9A /* Klimb.app */,
				00E356EE1AD99517003FC87E /* KlimbTests.xctest */,
			);
			name = Products;
			sourceTree = "<group>";
		};
		BBD78D7AC51CEA395F1C20DB /* Pods */ = {
			isa = PBXGroup;
			children = (
				A0AF6F91294B61BF00C7540B /* good_times_bd_it.otf */,
				A0AF6F94294B61E500C7540B /* good_times_el_it.otf */,
				A0AF6F93294B61E500C7540B /* good_times_el.otf */,
				A0AF6F8F294B61BF00C7540B /* good_times_bd.otf */,
				A0AF6F90294B61BF00C7540B /* good_times_bk_it.otf */,
				A0AF6F8E294B61A100C7540B /* good_times_bad_times.otf */,
				A0AF6F92294B61D500C7540B /* good_times_bk.otf */,
				A0AF6F99294B61FC00C7540B /* good_times_hv_it.otf */,
				A0AF6F96294B61FC00C7540B /* good_times_hv.otf */,
				A0AF6F97294B61FC00C7540B /* good_times_lt_it.otf */,
				A0AF6F98294B61FC00C7540B /* good_times_lt.otf */,
				A0AF6F9B294B61FC00C7540B /* good_times_rg_it.otf */,
				A0AF6F9C294B61FC00C7540B /* good_times_rg.otf */,
				A0AF6F95294B61FC00C7540B /* good_times_ul_it.otf */,
				A0AF6F9A294B61FC00C7540B /* good_times_ul.otf */,
				BBEE2A5037176A7760D46599 /* Pods-Klimb.debug.xcconfig */,
				1AC96A9D7F2FDD3D5C86A566 /* Pods-Klimb.release.xcconfig */,
				F6FB5D19747ECC6BE73D4635 /* Pods-Klimb-KlimbTests.debug.xcconfig */,
				5EC14F752BCAECE640CEDD34 /* Pods-Klimb-KlimbTests.release.xcconfig */,
			);
			path = Pods;
			sourceTree = "<group>";
		};
/* End PBXGroup section */

/* Begin PBXNativeTarget section */
		00E356ED1AD99517003FC87E /* KlimbTests */ = {
			isa = PBXNativeTarget;
			buildConfigurationList = 00E357021AD99517003FC87E /* Build configuration list for PBXNativeTarget "KlimbTests" */;
			buildPhases = (
				4A458AB8BC517A7E73805535 /* [CP] Check Pods Manifest.lock */,
				00E356EA1AD99517003FC87E /* Sources */,
				00E356EB1AD99517003FC87E /* Frameworks */,
				00E356EC1AD99517003FC87E /* Resources */,
				8094644384E00BEBC0755F9B /* [CP] Embed Pods Frameworks */,
				29EA45E9A6188D2A356F93DF /* [CP] Copy Pods Resources */,
			);
			buildRules = (
			);
			dependencies = (
				00E356F51AD99517003FC87E /* PBXTargetDependency */,
			);
			name = KlimbTests;
			productName = KlimbTests;
			productReference = 00E356EE1AD99517003FC87E /* KlimbTests.xctest */;
			productType = "com.apple.product-type.bundle.unit-test";
		};
		13B07F861A680F5B00A75B9A /* Klimb */ = {
			isa = PBXNativeTarget;
			buildConfigurationList = 13B07F931A680F5B00A75B9A /* Build configuration list for PBXNativeTarget "Klimb" */;
			buildPhases = (
				5A2A87A543530F8299A99317 /* [CP] Check Pods Manifest.lock */,
				FD10A7F022414F080027D42C /* Start Packager */,
				13B07F871A680F5B00A75B9A /* Sources */,
				13B07F8C1A680F5B00A75B9A /* Frameworks */,
				13B07F8E1A680F5B00A75B9A /* Resources */,
				00DD1BFF1BD5951E006B06BC /* Bundle React Native code and images */,
				0B71EB305167D12B4AF269BD /* [CP] Embed Pods Frameworks */,
				AC4D4DA7B615373489E41E35 /* [CP] Copy Pods Resources */,
				ABC2850C8CF652A3F9768268 /* [CP-User] [RNFB] Core Configuration */,
			);
			buildRules = (
			);
			dependencies = (
			);
			name = Klimb;
			productName = Klimb;
			productReference = 13B07F961A680F5B00A75B9A /* Klimb.app */;
			productType = "com.apple.product-type.application";
		};
/* End PBXNativeTarget section */

/* Begin PBXProject section */
		83CBB9F71A601CBA00E9B192 /* Project object */ = {
			isa = PBXProject;
			attributes = {
				LastUpgradeCheck = 1210;
				TargetAttributes = {
					00E356ED1AD99517003FC87E = {
						CreatedOnToolsVersion = 6.2;
						TestTargetID = 13B07F861A680F5B00A75B9A;
					};
					13B07F861A680F5B00A75B9A = {
						LastSwiftMigration = 1120;
					};
				};
			};
			buildConfigurationList = 83CBB9FA1A601CBA00E9B192 /* Build configuration list for PBXProject "Klimb" */;
			compatibilityVersion = "Xcode 12.0";
			developmentRegion = en;
			hasScannedForEncodings = 0;
			knownRegions = (
				en,
				Base,
			);
			mainGroup = 83CBB9F61A601CBA00E9B192;
			productRefGroup = 83CBBA001A601CBA00E9B192 /* Products */;
			projectDirPath = "";
			projectRoot = "";
			targets = (
				13B07F861A680F5B00A75B9A /* Klimb */,
				00E356ED1AD99517003FC87E /* KlimbTests */,
			);
		};
/* End PBXProject section */

/* Begin PBXResourcesBuildPhase section */
		00E356EC1AD99517003FC87E /* Resources */ = {
			isa = PBXResourcesBuildPhase;
			buildActionMask = 2147483647;
			files = (
			);
			runOnlyForDeploymentPostprocessing = 0;
		};
		13B07F8E1A680F5B00A75B9A /* Resources */ = {
			isa = PBXResourcesBuildPhase;
			buildActionMask = 2147483647;
			files = (
				A0AF6F9F294B658D00C7540B /* good_times_el_it.otf in Resources */,
				A0AF6F9D294B658800C7540B /* good_times_bk.otf in Resources */,
				A0AF6FA7294B65A500C7540B /* good_times_lt.otf in Resources */,
				81AB9BB82411601600AC10FF /* LaunchScreen.storyboard in Resources */,
				13B07FBF1A68108700A75B9A /* Images.xcassets in Resources */,
				CF5396B2BEB54B0B84B8349B /* Montserrat-Black.ttf in Resources */,
				68AA30D04D604C89AB7AD117 /* Montserrat-BlackItalic.ttf in Resources */,
				A0AF6FAB294B65B000C7540B /* good_times_ul.otf in Resources */,
				A0AF6FA0294B658F00C7540B /* good_times_el.otf in Resources */,
				015919A94C174A0CB84B4577 /* Montserrat-Bold.ttf in Resources */,
				A0AF6FA1294B659200C7540B /* good_times_bd.otf in Resources */,
				A0AF6FA9294B65AA00C7540B /* good_times_rg.otf in Resources */,
				A0AF6F9E294B658B00C7540B /* good_times_bd_it.otf in Resources */,
				A0C4CF8965B74D679B96A9F8 /* Montserrat-BoldItalic.ttf in Resources */,
				B673C5E16F024AF0B75F0211 /* Montserrat-ExtraBold.ttf in Resources */,
				90C72684383048D09010229C /* Montserrat-ExtraBoldItalic.ttf in Resources */,
				A0AF6FAA294B65AD00C7540B /* good_times_ul_it.otf in Resources */,
				7EFA84EAA0D0425A9F38D4E9 /* Montserrat-ExtraLight.ttf in Resources */,
				A0AF6FA4294B659D00C7540B /* good_times_hv_it.otf in Resources */,
				18A80243A9BC4666AD0293FC /* Montserrat-ExtraLightItalic.ttf in Resources */,
				A0AF6FA6294B65A200C7540B /* good_times_lt_it.otf in Resources */,
				87ACB69A0B924043B333E707 /* Montserrat-Italic.ttf in Resources */,
				1A180CD6AFFC4458BB872EAA /* Montserrat-Light.ttf in Resources */,
				DBF6BE072387410F8D2F90D2 /* Montserrat-LightItalic.ttf in Resources */,
				D929B4AB51944C208E73897B /* Montserrat-Medium.ttf in Resources */,
				3CA8D0A493164BF3AAFAE4C9 /* Montserrat-MediumItalic.ttf in Resources */,
				D3D0DBAD79EC4D5793456CDF /* Montserrat-Regular.ttf in Resources */,
				A0AF6FA5294B65A000C7540B /* good_times_hv.otf in Resources */,
				A0AF6FA8294B65A800C7540B /* good_times_rg_it.otf in Resources */,
				A03AC03F2947DC1D00AC5C47 /* GoogleService-Info.plist in Resources */,
				356A2BA262F64920B23CBD0D /* Montserrat-SemiBold.ttf in Resources */,
				449977BEBA4543879162DEC9 /* Montserrat-SemiBoldItalic.ttf in Resources */,
				B00581F2860843C5B9DB5933 /* Montserrat-Thin.ttf in Resources */,
				EDD10246D95A415883776EB6 /* Montserrat-ThinItalic.ttf in Resources */,
				2E3D323617D74E03A1218CE9 /* GoodTimesRg-Bold.otf in Resources */,
				A0AF6FA2294B659500C7540B /* good_times_bk_it.otf in Resources */,
				A0AF6FA3294B659800C7540B /* good_times_bad_times.otf in Resources */,
				5726DD3C58DA4F29B5805D79 /* DMSans-Bold.ttf in Resources */,
				C3AE1A7F286E4E3B8A03F14A /* NATS-Regular.ttf in Resources */,
			);
			runOnlyForDeploymentPostprocessing = 0;
		};
/* End PBXResourcesBuildPhase section */

/* Begin PBXShellScriptBuildPhase section */
		00DD1BFF1BD5951E006B06BC /* Bundle React Native code and images */ = {
			isa = PBXShellScriptBuildPhase;
			buildActionMask = 2147483647;
			files = (
			);
			inputPaths = (
				"$(SRCROOT)/.xcode.env.local",
				"$(SRCROOT)/.xcode.env",
			);
			name = "Bundle React Native code and images";
			outputPaths = (
			);
			runOnlyForDeploymentPostprocessing = 0;
			shellPath = /bin/sh;
			shellScript = "set -e\n\nWITH_ENVIRONMENT=\"../node_modules/react-native/scripts/xcode/with-environment.sh\"\nREACT_NATIVE_XCODE=\"../node_modules/react-native/scripts/react-native-xcode.sh\"\n\n/bin/sh -c \"$WITH_ENVIRONMENT $REACT_NATIVE_XCODE\"\n";
		};
		0B71EB305167D12B4AF269BD /* [CP] Embed Pods Frameworks */ = {
			isa = PBXShellScriptBuildPhase;
			buildActionMask = 2147483647;
			files = (
			);
			inputFileListPaths = (
				"${PODS_ROOT}/Target Support Files/Pods-Klimb/Pods-Klimb-frameworks-${CONFIGURATION}-input-files.xcfilelist",
			);
			name = "[CP] Embed Pods Frameworks";
			outputFileListPaths = (
				"${PODS_ROOT}/Target Support Files/Pods-Klimb/Pods-Klimb-frameworks-${CONFIGURATION}-output-files.xcfilelist",
			);
			runOnlyForDeploymentPostprocessing = 0;
			shellPath = /bin/sh;
			shellScript = "\"${PODS_ROOT}/Target Support Files/Pods-Klimb/Pods-Klimb-frameworks.sh\"\n";
			showEnvVarsInLog = 0;
		};
		29EA45E9A6188D2A356F93DF /* [CP] Copy Pods Resources */ = {
			isa = PBXShellScriptBuildPhase;
			buildActionMask = 2147483647;
			files = (
			);
			inputFileListPaths = (
				"${PODS_ROOT}/Target Support Files/Pods-Klimb-KlimbTests/Pods-Klimb-KlimbTests-resources-${CONFIGURATION}-input-files.xcfilelist",
			);
			name = "[CP] Copy Pods Resources";
			outputFileListPaths = (
				"${PODS_ROOT}/Target Support Files/Pods-Klimb-KlimbTests/Pods-Klimb-KlimbTests-resources-${CONFIGURATION}-output-files.xcfilelist",
			);
			runOnlyForDeploymentPostprocessing = 0;
			shellPath = /bin/sh;
			shellScript = "\"${PODS_ROOT}/Target Support Files/Pods-Klimb-KlimbTests/Pods-Klimb-KlimbTests-resources.sh\"\n";
			showEnvVarsInLog = 0;
		};
		4A458AB8BC517A7E73805535 /* [CP] Check Pods Manifest.lock */ = {
			isa = PBXShellScriptBuildPhase;
			buildActionMask = 2147483647;
			files = (
			);
			inputFileListPaths = (
			);
			inputPaths = (
				"${PODS_PODFILE_DIR_PATH}/Podfile.lock",
				"${PODS_ROOT}/Manifest.lock",
			);
			name = "[CP] Check Pods Manifest.lock";
			outputFileListPaths = (
			);
			outputPaths = (
				"$(DERIVED_FILE_DIR)/Pods-Klimb-KlimbTests-checkManifestLockResult.txt",
			);
			runOnlyForDeploymentPostprocessing = 0;
			shellPath = /bin/sh;
			shellScript = "diff \"${PODS_PODFILE_DIR_PATH}/Podfile.lock\" \"${PODS_ROOT}/Manifest.lock\" > /dev/null\nif [ $? != 0 ] ; then\n    # print error to STDERR\n    echo \"error: The sandbox is not in sync with the Podfile.lock. Run 'pod install' or update your CocoaPods installation.\" >&2\n    exit 1\nfi\n# This output is used by Xcode 'outputs' to avoid re-running this script phase.\necho \"SUCCESS\" > \"${SCRIPT_OUTPUT_FILE_0}\"\n";
			showEnvVarsInLog = 0;
		};
		5A2A87A543530F8299A99317 /* [CP] Check Pods Manifest.lock */ = {
			isa = PBXShellScriptBuildPhase;
			buildActionMask = 2147483647;
			files = (
			);
			inputFileListPaths = (
			);
			inputPaths = (
				"${PODS_PODFILE_DIR_PATH}/Podfile.lock",
				"${PODS_ROOT}/Manifest.lock",
			);
			name = "[CP] Check Pods Manifest.lock";
			outputFileListPaths = (
			);
			outputPaths = (
				"$(DERIVED_FILE_DIR)/Pods-Klimb-checkManifestLockResult.txt",
			);
			runOnlyForDeploymentPostprocessing = 0;
			shellPath = /bin/sh;
			shellScript = "diff \"${PODS_PODFILE_DIR_PATH}/Podfile.lock\" \"${PODS_ROOT}/Manifest.lock\" > /dev/null\nif [ $? != 0 ] ; then\n    # print error to STDERR\n    echo \"error: The sandbox is not in sync with the Podfile.lock. Run 'pod install' or update your CocoaPods installation.\" >&2\n    exit 1\nfi\n# This output is used by Xcode 'outputs' to avoid re-running this script phase.\necho \"SUCCESS\" > \"${SCRIPT_OUTPUT_FILE_0}\"\n";
			showEnvVarsInLog = 0;
		};
		8094644384E00BEBC0755F9B /* [CP] Embed Pods Frameworks */ = {
			isa = PBXShellScriptBuildPhase;
			buildActionMask = 2147483647;
			files = (
			);
			inputFileListPaths = (
				"${PODS_ROOT}/Target Support Files/Pods-Klimb-KlimbTests/Pods-Klimb-KlimbTests-frameworks-${CONFIGURATION}-input-files.xcfilelist",
			);
			name = "[CP] Embed Pods Frameworks";
			outputFileListPaths = (
				"${PODS_ROOT}/Target Support Files/Pods-Klimb-KlimbTests/Pods-Klimb-KlimbTests-frameworks-${CONFIGURATION}-output-files.xcfilelist",
			);
			runOnlyForDeploymentPostprocessing = 0;
			shellPath = /bin/sh;
			shellScript = "\"${PODS_ROOT}/Target Support Files/Pods-Klimb-KlimbTests/Pods-Klimb-KlimbTests-frameworks.sh\"\n";
			showEnvVarsInLog = 0;
		};
		ABC2850C8CF652A3F9768268 /* [CP-User] [RNFB] Core Configuration */ = {
			isa = PBXShellScriptBuildPhase;
			buildActionMask = 2147483647;
			files = (
			);
			inputPaths = (
				"$(BUILT_PRODUCTS_DIR)/$(INFOPLIST_PATH)",
			);
			name = "[CP-User] [RNFB] Core Configuration";
			runOnlyForDeploymentPostprocessing = 0;
			shellPath = /bin/sh;
			shellScript = "#!/usr/bin/env bash\n#\n# Copyright (c) 2016-present Invertase Limited & Contributors\n#\n# Licensed under the Apache License, Version 2.0 (the \"License\");\n# you may not use this library except in compliance with the License.\n# You may obtain a copy of the License at\n#\n#   http://www.apache.org/licenses/LICENSE-2.0\n#\n# Unless required by applicable law or agreed to in writing, software\n# distributed under the License is distributed on an \"AS IS\" BASIS,\n# WITHOUT WARRANTIES OR CONDITIONS OF ANY KIND, either express or implied.\n# See the License for the specific language governing permissions and\n# limitations under the License.\n#\nset -e\n\n_MAX_LOOKUPS=2;\n_SEARCH_RESULT=''\n_RN_ROOT_EXISTS=''\n_CURRENT_LOOKUPS=1\n_JSON_ROOT=\"'react-native'\"\n_JSON_FILE_NAME='firebase.json'\n_JSON_OUTPUT_BASE64='e30=' # { }\n_CURRENT_SEARCH_DIR=${PROJECT_DIR}\n_PLIST_BUDDY=/usr/libexec/PlistBuddy\n_TARGET_PLIST=\"${BUILT_PRODUCTS_DIR}/${INFOPLIST_PATH}\"\n_DSYM_PLIST=\"${DWARF_DSYM_FOLDER_PATH}/${DWARF_DSYM_FILE_NAME}/Contents/Info.plist\"\n\n# plist arrays\n_PLIST_ENTRY_KEYS=()\n_PLIST_ENTRY_TYPES=()\n_PLIST_ENTRY_VALUES=()\n\nfunction setPlistValue {\n  echo \"info:      setting plist entry '$1' of type '$2' in file '$4'\"\n  ${_PLIST_BUDDY} -c \"Add :$1 $2 '$3'\" $4 || echo \"info:      '$1' already exists\"\n}\n\nfunction getFirebaseJsonKeyValue () {\n  if [[ ${_RN_ROOT_EXISTS} ]]; then\n    ruby -e \"require 'rubygems';require 'json'; output=JSON.parse('$1'); puts output[$_JSON_ROOT]['$2']\"\n  else\n    echo \"\"\n  fi;\n}\n\nfunction jsonBoolToYesNo () {\n  if [[ $1 == \"false\" ]]; then\n    echo \"NO\"\n  elif [[ $1 == \"true\" ]]; then\n    echo \"YES\"\n  else echo \"NO\"\n  fi\n}\n\necho \"info: -> RNFB build script started\"\necho \"info: 1) Locating ${_JSON_FILE_NAME} file:\"\n\nif [[ -z ${_CURRENT_SEARCH_DIR} ]]; then\n  _CURRENT_SEARCH_DIR=$(pwd)\nfi;\n\nwhile true; do\n  _CURRENT_SEARCH_DIR=$(dirname \"$_CURRENT_SEARCH_DIR\")\n  if [[ \"$_CURRENT_SEARCH_DIR\" == \"/\" ]] || [[ ${_CURRENT_LOOKUPS} -gt ${_MAX_LOOKUPS} ]]; then break; fi;\n  echo \"info:      ($_CURRENT_LOOKUPS of $_MAX_LOOKUPS) Searching in '$_CURRENT_SEARCH_DIR' for a ${_JSON_FILE_NAME} file.\"\n  _SEARCH_RESULT=$(find \"$_CURRENT_SEARCH_DIR\" -maxdepth 2 -name ${_JSON_FILE_NAME} -print | /usr/bin/head -n 1)\n  if [[ ${_SEARCH_RESULT} ]]; then\n    echo \"info:      ${_JSON_FILE_NAME} found at $_SEARCH_RESULT\"\n    break;\n  fi;\n  _CURRENT_LOOKUPS=$((_CURRENT_LOOKUPS+1))\ndone\n\nif [[ ${_SEARCH_RESULT} ]]; then\n  _JSON_OUTPUT_RAW=$(cat \"${_SEARCH_RESULT}\")\n  _RN_ROOT_EXISTS=$(ruby -e \"require 'rubygems';require 'json'; output=JSON.parse('$_JSON_OUTPUT_RAW'); puts output[$_JSON_ROOT]\" || echo '')\n\n  if [[ ${_RN_ROOT_EXISTS} ]]; then\n    if ! python3 --version >/dev/null 2>&1; then echo \"python3 not found, firebase.json file processing error.\" && exit 1; fi\n    _JSON_OUTPUT_BASE64=$(python3 -c 'import json,sys,base64;print(base64.b64encode(bytes(json.dumps(json.loads(open('\"'${_SEARCH_RESULT}'\"', '\"'rb'\"').read())['${_JSON_ROOT}']), '\"'utf-8'\"')).decode())' || echo \"e30=\")\n  fi\n\n  _PLIST_ENTRY_KEYS+=(\"firebase_json_raw\")\n  _PLIST_ENTRY_TYPES+=(\"string\")\n  _PLIST_ENTRY_VALUES+=(\"$_JSON_OUTPUT_BASE64\")\n\n  # config.app_data_collection_default_enabled\n  _APP_DATA_COLLECTION_ENABLED=$(getFirebaseJsonKeyValue \"$_JSON_OUTPUT_RAW\" \"app_data_collection_default_enabled\")\n  if [[ $_APP_DATA_COLLECTION_ENABLED ]]; then\n    _PLIST_ENTRY_KEYS+=(\"FirebaseDataCollectionDefaultEnabled\")\n    _PLIST_ENTRY_TYPES+=(\"bool\")\n    _PLIST_ENTRY_VALUES+=(\"$(jsonBoolToYesNo \"$_APP_DATA_COLLECTION_ENABLED\")\")\n  fi\n\n  # config.analytics_auto_collection_enabled\n  _ANALYTICS_AUTO_COLLECTION=$(getFirebaseJsonKeyValue \"$_JSON_OUTPUT_RAW\" \"analytics_auto_collection_enabled\")\n  if [[ $_ANALYTICS_AUTO_COLLECTION ]]; then\n    _PLIST_ENTRY_KEYS+=(\"FIREBASE_ANALYTICS_COLLECTION_ENABLED\")\n    _PLIST_ENTRY_TYPES+=(\"bool\")\n    _PLIST_ENTRY_VALUES+=(\"$(jsonBoolToYesNo \"$_ANALYTICS_AUTO_COLLECTION\")\")\n  fi\n\n  # config.analytics_collection_deactivated\n  _ANALYTICS_DEACTIVATED=$(getFirebaseJsonKeyValue \"$_JSON_OUTPUT_RAW\" \"analytics_collection_deactivated\")\n  if [[ $_ANALYTICS_DEACTIVATED ]]; then\n    _PLIST_ENTRY_KEYS+=(\"FIREBASE_ANALYTICS_COLLECTION_DEACTIVATED\")\n    _PLIST_ENTRY_TYPES+=(\"bool\")\n    _PLIST_ENTRY_VALUES+=(\"$(jsonBoolToYesNo \"$_ANALYTICS_DEACTIVATED\")\")\n  fi\n\n  # config.analytics_idfv_collection_enabled\n  _ANALYTICS_IDFV_COLLECTION=$(getFirebaseJsonKeyValue \"$_JSON_OUTPUT_RAW\" \"analytics_idfv_collection_enabled\")\n  if [[ $_ANALYTICS_IDFV_COLLECTION ]]; then\n    _PLIST_ENTRY_KEYS+=(\"GOOGLE_ANALYTICS_IDFV_COLLECTION_ENABLED\")\n    _PLIST_ENTRY_TYPES+=(\"bool\")\n    _PLIST_ENTRY_VALUES+=(\"$(jsonBoolToYesNo \"$_ANALYTICS_IDFV_COLLECTION\")\")\n  fi\n\n  # config.analytics_default_allow_ad_personalization_signals\n  _ANALYTICS_PERSONALIZATION=$(getFirebaseJsonKeyValue \"$_JSON_OUTPUT_RAW\" \"analytics_default_allow_ad_personalization_signals\")\n  if [[ $_ANALYTICS_PERSONALIZATION ]]; then\n    _PLIST_ENTRY_KEYS+=(\"GOOGLE_ANALYTICS_DEFAULT_ALLOW_AD_PERSONALIZATION_SIGNALS\")\n    _PLIST_ENTRY_TYPES+=(\"bool\")\n    _PLIST_ENTRY_VALUES+=(\"$(jsonBoolToYesNo \"$_ANALYTICS_PERSONALIZATION\")\")\n  fi\n\n  # config.google_analytics_automatic_screen_reporting_enabled\n  _ANALYTICS_AUTO_SCREEN_REPORTING=$(getFirebaseJsonKeyValue \"$_JSON_OUTPUT_RAW\" \"google_analytics_automatic_screen_reporting_enabled\")\n  if [[ $_ANALYTICS_AUTO_SCREEN_REPORTING ]]; then\n    _PLIST_ENTRY_KEYS+=(\"FirebaseAutomaticScreenReportingEnabled\")\n    _PLIST_ENTRY_TYPES+=(\"bool\")\n    _PLIST_ENTRY_VALUES+=(\"$(jsonBoolToYesNo \"$_ANALYTICS_AUTO_SCREEN_REPORTING\")\")\n  fi\n\n  # config.perf_auto_collection_enabled\n  _PERF_AUTO_COLLECTION=$(getFirebaseJsonKeyValue \"$_JSON_OUTPUT_RAW\" \"perf_auto_collection_enabled\")\n  if [[ $_PERF_AUTO_COLLECTION ]]; then\n    _PLIST_ENTRY_KEYS+=(\"firebase_performance_collection_enabled\")\n    _PLIST_ENTRY_TYPES+=(\"bool\")\n    _PLIST_ENTRY_VALUES+=(\"$(jsonBoolToYesNo \"$_PERF_AUTO_COLLECTION\")\")\n  fi\n\n  # config.perf_collection_deactivated\n  _PERF_DEACTIVATED=$(getFirebaseJsonKeyValue \"$_JSON_OUTPUT_RAW\" \"perf_collection_deactivated\")\n  if [[ $_PERF_DEACTIVATED ]]; then\n    _PLIST_ENTRY_KEYS+=(\"firebase_performance_collection_deactivated\")\n    _PLIST_ENTRY_TYPES+=(\"bool\")\n    _PLIST_ENTRY_VALUES+=(\"$(jsonBoolToYesNo \"$_PERF_DEACTIVATED\")\")\n  fi\n\n  # config.messaging_auto_init_enabled\n  _MESSAGING_AUTO_INIT=$(getFirebaseJsonKeyValue \"$_JSON_OUTPUT_RAW\" \"messaging_auto_init_enabled\")\n  if [[ $_MESSAGING_AUTO_INIT ]]; then\n    _PLIST_ENTRY_KEYS+=(\"FirebaseMessagingAutoInitEnabled\")\n    _PLIST_ENTRY_TYPES+=(\"bool\")\n    _PLIST_ENTRY_VALUES+=(\"$(jsonBoolToYesNo \"$_MESSAGING_AUTO_INIT\")\")\n  fi\n\n  # config.in_app_messaging_auto_colllection_enabled\n  _FIAM_AUTO_INIT=$(getFirebaseJsonKeyValue \"$_JSON_OUTPUT_RAW\" \"in_app_messaging_auto_collection_enabled\")\n  if [[ $_FIAM_AUTO_INIT ]]; then\n    _PLIST_ENTRY_KEYS+=(\"FirebaseInAppMessagingAutomaticDataCollectionEnabled\")\n    _PLIST_ENTRY_TYPES+=(\"bool\")\n    _PLIST_ENTRY_VALUES+=(\"$(jsonBoolToYesNo \"$_FIAM_AUTO_INIT\")\")\n  fi\n\n  # config.app_check_token_auto_refresh\n  _APP_CHECK_TOKEN_AUTO_REFRESH=$(getFirebaseJsonKeyValue \"$_JSON_OUTPUT_RAW\" \"app_check_token_auto_refresh\")\n  if [[ $_APP_CHECK_TOKEN_AUTO_REFRESH ]]; then\n    _PLIST_ENTRY_KEYS+=(\"FirebaseAppCheckTokenAutoRefreshEnabled\")\n    _PLIST_ENTRY_TYPES+=(\"bool\")\n    _PLIST_ENTRY_VALUES+=(\"$(jsonBoolToYesNo \"$_APP_CHECK_TOKEN_AUTO_REFRESH\")\")\n  fi\n\n  # config.crashlytics_disable_auto_disabler - undocumented for now - mainly for debugging, document if becomes useful\n  _CRASHLYTICS_AUTO_DISABLE_ENABLED=$(getFirebaseJsonKeyValue \"$_JSON_OUTPUT_RAW\" \"crashlytics_disable_auto_disabler\")\n  if [[ $_CRASHLYTICS_AUTO_DISABLE_ENABLED == \"true\" ]]; then\n    echo \"Disabled Crashlytics auto disabler.\" # do nothing\n  else\n    _PLIST_ENTRY_KEYS+=(\"FirebaseCrashlyticsCollectionEnabled\")\n    _PLIST_ENTRY_TYPES+=(\"bool\")\n    _PLIST_ENTRY_VALUES+=(\"NO\")\n  fi\nelse\n  _PLIST_ENTRY_KEYS+=(\"firebase_json_raw\")\n  _PLIST_ENTRY_TYPES+=(\"string\")\n  _PLIST_ENTRY_VALUES+=(\"$_JSON_OUTPUT_BASE64\")\n  echo \"warning:   A firebase.json file was not found, whilst this file is optional it is recommended to include it to configure firebase services in React Native Firebase.\"\nfi;\n\necho \"info: 2) Injecting Info.plist entries: \"\n\n# Log out the keys we're adding\nfor i in \"${!_PLIST_ENTRY_KEYS[@]}\"; do\n  echo \"    ->  $i) ${_PLIST_ENTRY_KEYS[$i]}\" \"${_PLIST_ENTRY_TYPES[$i]}\" \"${_PLIST_ENTRY_VALUES[$i]}\"\ndone\n\nfor plist in \"${_TARGET_PLIST}\" \"${_DSYM_PLIST}\" ; do\n  if [[ -f \"${plist}\" ]]; then\n\n    # paths with spaces break the call to setPlistValue. temporarily modify\n    # the shell internal field separator variable (IFS), which normally\n    # includes spaces, to consist only of line breaks\n    oldifs=$IFS\n    IFS=\"\n\"\n\n    for i in \"${!_PLIST_ENTRY_KEYS[@]}\"; do\n      setPlistValue \"${_PLIST_ENTRY_KEYS[$i]}\" \"${_PLIST_ENTRY_TYPES[$i]}\" \"${_PLIST_ENTRY_VALUES[$i]}\" \"${plist}\"\n    done\n\n    # restore the original internal field separator value\n    IFS=$oldifs\n  else\n    echo \"warning:   A Info.plist build output file was not found (${plist})\"\n  fi\ndone\n\necho \"info: <- RNFB build script finished\"\n";
		};
		AC4D4DA7B615373489E41E35 /* [CP] Copy Pods Resources */ = {
			isa = PBXShellScriptBuildPhase;
			buildActionMask = 2147483647;
			files = (
			);
			inputFileListPaths = (
				"${PODS_ROOT}/Target Support Files/Pods-Klimb/Pods-Klimb-resources-${CONFIGURATION}-input-files.xcfilelist",
			);
			name = "[CP] Copy Pods Resources";
			outputFileListPaths = (
				"${PODS_ROOT}/Target Support Files/Pods-Klimb/Pods-Klimb-resources-${CONFIGURATION}-output-files.xcfilelist",
			);
			runOnlyForDeploymentPostprocessing = 0;
			shellPath = /bin/sh;
			shellScript = "\"${PODS_ROOT}/Target Support Files/Pods-Klimb/Pods-Klimb-resources.sh\"\n";
			showEnvVarsInLog = 0;
		};
		FD10A7F022414F080027D42C /* Start Packager */ = {
			isa = PBXShellScriptBuildPhase;
			buildActionMask = 2147483647;
			files = (
			);
			inputFileListPaths = (
			);
			inputPaths = (
			);
			name = "Start Packager";
			outputFileListPaths = (
			);
			outputPaths = (
			);
			runOnlyForDeploymentPostprocessing = 0;
			shellPath = /bin/sh;
			shellScript = "export RCT_METRO_PORT=\"${RCT_METRO_PORT:=8081}\"\necho \"export RCT_METRO_PORT=${RCT_METRO_PORT}\" > \"${SRCROOT}/../node_modules/react-native/scripts/.packager.env\"\nif [ -z \"${RCT_NO_LAUNCH_PACKAGER+xxx}\" ] ; then\n  if nc -w 5 -z localhost ${RCT_METRO_PORT} ; then\n    if ! curl -s \"http://localhost:${RCT_METRO_PORT}/status\" | grep -q \"packager-status:running\" ; then\n      echo \"Port ${RCT_METRO_PORT} already in use, packager is either not running or not running correctly\"\n      exit 2\n    fi\n  else\n    open \"$SRCROOT/../node_modules/react-native/scripts/launchPackager.command\" || echo \"Can't start packager automatically\"\n  fi\nfi\n";
			showEnvVarsInLog = 0;
		};
/* End PBXShellScriptBuildPhase section */

/* Begin PBXSourcesBuildPhase section */
		00E356EA1AD99517003FC87E /* Sources */ = {
			isa = PBXSourcesBuildPhase;
			buildActionMask = 2147483647;
			files = (
				00E356F31AD99517003FC87E /* KlimbTests.m in Sources */,
			);
			runOnlyForDeploymentPostprocessing = 0;
		};
		13B07F871A680F5B00A75B9A /* Sources */ = {
			isa = PBXSourcesBuildPhase;
			buildActionMask = 2147483647;
			files = (
				13B07FBC1A68108700A75B9A /* AppDelegate.mm in Sources */,
				13B07FC11A68108700A75B9A /* main.m in Sources */,
			);
			runOnlyForDeploymentPostprocessing = 0;
		};
/* End PBXSourcesBuildPhase section */

/* Begin PBXTargetDependency section */
		00E356F51AD99517003FC87E /* PBXTargetDependency */ = {
			isa = PBXTargetDependency;
			target = 13B07F861A680F5B00A75B9A /* Klimb */;
			targetProxy = 00E356F41AD99517003FC87E /* PBXContainerItemProxy */;
		};
/* End PBXTargetDependency section */

/* Begin XCBuildConfiguration section */
		00E356F61AD99517003FC87E /* Debug */ = {
			isa = XCBuildConfiguration;
			baseConfigurationReference = F6FB5D19747ECC6BE73D4635 /* Pods-Klimb-KlimbTests.debug.xcconfig */;
			buildSettings = {
				BUNDLE_LOADER = "$(TEST_HOST)";
				CODE_SIGN_IDENTITY = "iPhone Distribution";
				CODE_SIGN_STYLE = Manual;
				DEVELOPMENT_TEAM = TL93LP4W84;
				GCC_PREPROCESSOR_DEFINITIONS = (
					"DEBUG=1",
					"$(inherited)",
				);
				INFOPLIST_FILE = KlimbTests/Info.plist;
				IPHONEOS_DEPLOYMENT_TARGET = 12.4;
				LD_RUNPATH_SEARCH_PATHS = (
					"$(inherited)",
					"@executable_path/Frameworks",
					"@loader_path/Frameworks",
				);
				OTHER_LDFLAGS = (
					"-ObjC",
					"-lc++",
					"$(inherited)",
				);
				PRODUCT_BUNDLE_IDENTIFIER = "org.reactjs.native.example.$(PRODUCT_NAME:rfc1034identifier)";
				PRODUCT_NAME = "$(TARGET_NAME)";
				TEST_HOST = "$(BUILT_PRODUCTS_DIR)/Klimb.app/Klimb";
			};
			name = Debug;
		};
		00E356F71AD99517003FC87E /* Release */ = {
			isa = XCBuildConfiguration;
			baseConfigurationReference = 5EC14F752BCAECE640CEDD34 /* Pods-Klimb-KlimbTests.release.xcconfig */;
			buildSettings = {
				BUNDLE_LOADER = "$(TEST_HOST)";
				CODE_SIGN_IDENTITY = "iPhone Distribution";
				CODE_SIGN_STYLE = Manual;
				COPY_PHASE_STRIP = NO;
				DEVELOPMENT_TEAM = TL93LP4W84;
				INFOPLIST_FILE = KlimbTests/Info.plist;
				IPHONEOS_DEPLOYMENT_TARGET = 12.4;
				LD_RUNPATH_SEARCH_PATHS = (
					"$(inherited)",
					"@executable_path/Frameworks",
					"@loader_path/Frameworks",
				);
				OTHER_LDFLAGS = (
					"-ObjC",
					"-lc++",
					"$(inherited)",
				);
				PRODUCT_BUNDLE_IDENTIFIER = "org.reactjs.native.example.$(PRODUCT_NAME:rfc1034identifier)";
				PRODUCT_NAME = "$(TARGET_NAME)";
				PROVISIONING_PROFILE = "6717e76c-d461-4610-a83c-237e7b2b1b16";
				PROVISIONING_PROFILE_SPECIFIER = "match AppStore com.klimb.elevow";
				TEST_HOST = "$(BUILT_PRODUCTS_DIR)/Klimb.app/Klimb";
			};
			name = Release;
		};
		13B07F941A680F5B00A75B9A /* Debug */ = {
			isa = XCBuildConfiguration;
			baseConfigurationReference = BBEE2A5037176A7760D46599 /* Pods-Klimb.debug.xcconfig */;
			buildSettings = {
				ASSETCATALOG_COMPILER_APPICON_NAME = AppIcon;
				CLANG_ENABLE_MODULES = YES;
				CODE_SIGN_IDENTITY = "Apple Development";
				CODE_SIGN_STYLE = Automatic;
				CURRENT_PROJECT_VERSION = 22;
				DEVELOPMENT_TEAM = TL93LP4W84;
				ENABLE_BITCODE = NO;
				INFOPLIST_FILE = Klimb/Info.plist;
				INFOPLIST_KEY_CFBundleDisplayName = "Klimb - Koko Head";
				LD_RUNPATH_SEARCH_PATHS = (
					"$(inherited)",
					"@executable_path/Frameworks",
				);
				MARKETING_VERSION = 1.0.5;
				OTHER_LDFLAGS = (
					"$(inherited)",
					"-ObjC",
					"-lc++",
				);
				PRODUCT_BUNDLE_IDENTIFIER = com.klimb.elevow;
				PRODUCT_NAME = Klimb;
				PROVISIONING_PROFILE_SPECIFIER = "";
				SWIFT_OPTIMIZATION_LEVEL = "-Onone";
				SWIFT_VERSION = 5.0;
				VERSIONING_SYSTEM = "apple-generic";
			};
			name = Debug;
		};
		13B07F951A680F5B00A75B9A /* Release */ = {
			isa = XCBuildConfiguration;
			baseConfigurationReference = 1AC96A9D7F2FDD3D5C86A566 /* Pods-Klimb.release.xcconfig */;
			buildSettings = {
				ASSETCATALOG_COMPILER_APPICON_NAME = AppIcon;
				CLANG_ENABLE_MODULES = YES;
				CODE_SIGN_IDENTITY = "Apple Development";
				CODE_SIGN_STYLE = Automatic;
				CURRENT_PROJECT_VERSION = 22;
				DEVELOPMENT_TEAM = TL93LP4W84;
				INFOPLIST_FILE = Klimb/Info.plist;
				INFOPLIST_KEY_CFBundleDisplayName = "Klimb - Koko Head";
				LD_RUNPATH_SEARCH_PATHS = (
					"$(inherited)",
					"@executable_path/Frameworks",
				);
				MARKETING_VERSION = 1.0.5;
				OTHER_LDFLAGS = (
					"$(inherited)",
					"-ObjC",
					"-lc++",
				);
				PRODUCT_BUNDLE_IDENTIFIER = com.klimb.elevow;
				PRODUCT_NAME = Klimb;
				PROVISIONING_PROFILE = "6717e76c-d461-4610-a83c-237e7b2b1b16";
				PROVISIONING_PROFILE_SPECIFIER = "";
				SWIFT_VERSION = 5.0;
				VERSIONING_SYSTEM = "apple-generic";
			};
			name = Release;
		};
		83CBBA201A601CBA00E9B192 /* Debug */ = {
			isa = XCBuildConfiguration;
			buildSettings = {
				ALWAYS_SEARCH_USER_PATHS = NO;
				CLANG_ANALYZER_LOCALIZABILITY_NONLOCALIZED = YES;
				CLANG_CXX_LANGUAGE_STANDARD = "c++17";
				CLANG_CXX_LIBRARY = "libc++";
				CLANG_ENABLE_MODULES = YES;
				CLANG_ENABLE_OBJC_ARC = YES;
				CLANG_WARN_BLOCK_CAPTURE_AUTORELEASING = YES;
				CLANG_WARN_BOOL_CONVERSION = YES;
				CLANG_WARN_COMMA = YES;
				CLANG_WARN_CONSTANT_CONVERSION = YES;
				CLANG_WARN_DEPRECATED_OBJC_IMPLEMENTATIONS = YES;
				CLANG_WARN_DIRECT_OBJC_ISA_USAGE = YES_ERROR;
				CLANG_WARN_EMPTY_BODY = YES;
				CLANG_WARN_ENUM_CONVERSION = YES;
				CLANG_WARN_INFINITE_RECURSION = YES;
				CLANG_WARN_INT_CONVERSION = YES;
				CLANG_WARN_NON_LITERAL_NULL_CONVERSION = YES;
				CLANG_WARN_OBJC_IMPLICIT_RETAIN_SELF = YES;
				CLANG_WARN_OBJC_LITERAL_CONVERSION = YES;
				CLANG_WARN_OBJC_ROOT_CLASS = YES_ERROR;
				CLANG_WARN_QUOTED_INCLUDE_IN_FRAMEWORK_HEADER = YES;
				CLANG_WARN_RANGE_LOOP_ANALYSIS = YES;
				CLANG_WARN_STRICT_PROTOTYPES = YES;
				CLANG_WARN_SUSPICIOUS_MOVE = YES;
				CLANG_WARN_UNREACHABLE_CODE = YES;
				CLANG_WARN__DUPLICATE_METHOD_MATCH = YES;
				"CODE_SIGN_IDENTITY[sdk=iphoneos*]" = "iPhone Developer";
				COPY_PHASE_STRIP = NO;
				ENABLE_STRICT_OBJC_MSGSEND = YES;
				ENABLE_TESTABILITY = YES;
				"EXCLUDED_ARCHS[sdk=iphonesimulator*]" = i386;
				GCC_C_LANGUAGE_STANDARD = gnu99;
				GCC_DYNAMIC_NO_PIC = NO;
				GCC_NO_COMMON_BLOCKS = YES;
				GCC_OPTIMIZATION_LEVEL = 0;
				GCC_PREPROCESSOR_DEFINITIONS = (
					"DEBUG=1",
					"$(inherited)",
				);
				GCC_SYMBOLS_PRIVATE_EXTERN = NO;
				GCC_WARN_64_TO_32_BIT_CONVERSION = YES;
				GCC_WARN_ABOUT_RETURN_TYPE = YES_ERROR;
				GCC_WARN_UNDECLARED_SELECTOR = YES;
				GCC_WARN_UNINITIALIZED_AUTOS = YES_AGGRESSIVE;
				GCC_WARN_UNUSED_FUNCTION = YES;
				GCC_WARN_UNUSED_VARIABLE = YES;
				IPHONEOS_DEPLOYMENT_TARGET = 12.4;
				LD_RUNPATH_SEARCH_PATHS = (
					/usr/lib/swift,
					"$(inherited)",
				);
				LIBRARY_SEARCH_PATHS = (
					"\"$(SDKROOT)/usr/lib/swift\"",
					"\"$(TOOLCHAIN_DIR)/usr/lib/swift/$(PLATFORM_NAME)\"",
					"\"$(inherited)\"",
				);
				MTL_ENABLE_DEBUG_INFO = YES;
				ONLY_ACTIVE_ARCH = YES;
				OTHER_CPLUSPLUSFLAGS = (
					"$(OTHER_CFLAGS)",
					"-DFOLLY_NO_CONFIG",
					"-DFOLLY_MOBILE=1",
					"-DFOLLY_USE_LIBCPP=1",
				);
				REACT_NATIVE_PATH = "${PODS_ROOT}/../../node_modules/react-native";
				SDKROOT = iphoneos;
			};
			name = Debug;
		};
		83CBBA211A601CBA00E9B192 /* Release */ = {
			isa = XCBuildConfiguration;
			buildSettings = {
				ALWAYS_SEARCH_USER_PATHS = NO;
				CLANG_ANALYZER_LOCALIZABILITY_NONLOCALIZED = YES;
				CLANG_CXX_LANGUAGE_STANDARD = "c++17";
				CLANG_CXX_LIBRARY = "libc++";
				CLANG_ENABLE_MODULES = YES;
				CLANG_ENABLE_OBJC_ARC = YES;
				CLANG_WARN_BLOCK_CAPTURE_AUTORELEASING = YES;
				CLANG_WARN_BOOL_CONVERSION = YES;
				CLANG_WARN_COMMA = YES;
				CLANG_WARN_CONSTANT_CONVERSION = YES;
				CLANG_WARN_DEPRECATED_OBJC_IMPLEMENTATIONS = YES;
				CLANG_WARN_DIRECT_OBJC_ISA_USAGE = YES_ERROR;
				CLANG_WARN_EMPTY_BODY = YES;
				CLANG_WARN_ENUM_CONVERSION = YES;
				CLANG_WARN_INFINITE_RECURSION = YES;
				CLANG_WARN_INT_CONVERSION = YES;
				CLANG_WARN_NON_LITERAL_NULL_CONVERSION = YES;
				CLANG_WARN_OBJC_IMPLICIT_RETAIN_SELF = YES;
				CLANG_WARN_OBJC_LITERAL_CONVERSION = YES;
				CLANG_WARN_OBJC_ROOT_CLASS = YES_ERROR;
				CLANG_WARN_QUOTED_INCLUDE_IN_FRAMEWORK_HEADER = YES;
				CLANG_WARN_RANGE_LOOP_ANALYSIS = YES;
				CLANG_WARN_STRICT_PROTOTYPES = YES;
				CLANG_WARN_SUSPICIOUS_MOVE = YES;
				CLANG_WARN_UNREACHABLE_CODE = YES;
				CLANG_WARN__DUPLICATE_METHOD_MATCH = YES;
				"CODE_SIGN_IDENTITY[sdk=iphoneos*]" = "iPhone Developer";
				COPY_PHASE_STRIP = YES;
				ENABLE_NS_ASSERTIONS = NO;
				ENABLE_STRICT_OBJC_MSGSEND = YES;
				"EXCLUDED_ARCHS[sdk=iphonesimulator*]" = i386;
				GCC_C_LANGUAGE_STANDARD = gnu99;
				GCC_NO_COMMON_BLOCKS = YES;
				GCC_WARN_64_TO_32_BIT_CONVERSION = YES;
				GCC_WARN_ABOUT_RETURN_TYPE = YES_ERROR;
				GCC_WARN_UNDECLARED_SELECTOR = YES;
				GCC_WARN_UNINITIALIZED_AUTOS = YES_AGGRESSIVE;
				GCC_WARN_UNUSED_FUNCTION = YES;
				GCC_WARN_UNUSED_VARIABLE = YES;
				IPHONEOS_DEPLOYMENT_TARGET = 12.4;
				LD_RUNPATH_SEARCH_PATHS = (
					/usr/lib/swift,
					"$(inherited)",
				);
				LIBRARY_SEARCH_PATHS = (
					"\"$(SDKROOT)/usr/lib/swift\"",
					"\"$(TOOLCHAIN_DIR)/usr/lib/swift/$(PLATFORM_NAME)\"",
					"\"$(inherited)\"",
				);
				MTL_ENABLE_DEBUG_INFO = NO;
				OTHER_CPLUSPLUSFLAGS = (
					"$(OTHER_CFLAGS)",
					"-DFOLLY_NO_CONFIG",
					"-DFOLLY_MOBILE=1",
					"-DFOLLY_USE_LIBCPP=1",
				);
				REACT_NATIVE_PATH = "${PODS_ROOT}/../../node_modules/react-native";
				SDKROOT = iphoneos;
				VALIDATE_PRODUCT = YES;
			};
			name = Release;
		};
/* End XCBuildConfiguration section */

/* Begin XCConfigurationList section */
		00E357021AD99517003FC87E /* Build configuration list for PBXNativeTarget "KlimbTests" */ = {
			isa = XCConfigurationList;
			buildConfigurations = (
				00E356F61AD99517003FC87E /* Debug */,
				00E356F71AD99517003FC87E /* Release */,
			);
			defaultConfigurationIsVisible = 0;
			defaultConfigurationName = Release;
		};
		13B07F931A680F5B00A75B9A /* Build configuration list for PBXNativeTarget "Klimb" */ = {
			isa = XCConfigurationList;
			buildConfigurations = (
				13B07F941A680F5B00A75B9A /* Debug */,
				13B07F951A680F5B00A75B9A /* Release */,
			);
			defaultConfigurationIsVisible = 0;
			defaultConfigurationName = Release;
		};
		83CBB9FA1A601CBA00E9B192 /* Build configuration list for PBXProject "Klimb" */ = {
			isa = XCConfigurationList;
			buildConfigurations = (
				83CBBA201A601CBA00E9B192 /* Debug */,
				83CBBA211A601CBA00E9B192 /* Release */,
			);
			defaultConfigurationIsVisible = 0;
			defaultConfigurationName = Release;
		};
/* End XCConfigurationList section */
	};
	rootObject = 83CBB9F71A601CBA00E9B192 /* Project object */;
}
